
Microsoft Visual Studio Solution File, Format Version 12.00
# Visual Studio 14
VisualStudioVersion = 14.0.25420.1
MinimumVisualStudioVersion = 10.0.40219.1
Project("{FAE04EC0-301F-11D3-BF4B-00C04F79EFBC}") = "P 4-3 DiplomadoMVC-Crud-HTML-Helps-NoTipados", "P 4-2 DiplomadoMVC-Crud-HTML-Helps-NoTipados\P 4-3 DiplomadoMVC-Crud-HTML-Helps-NoTipados.csproj", "{A87ED641-8F74-49A0-A860-9BFF33764253}"
EndProject
Global
	GlobalSection(SolutionConfigurationPlatforms) = preSolution
		Debug|Any CPU = Debug|Any CPU
		Release|Any CPU = Release|Any CPU
	EndGlobalSection
	GlobalSection(ProjectConfigurationPlatforms) = postSolution
		{A87ED641-8F74-49A0-A860-9BFF33764253}.Debug|Any CPU.ActiveCfg = Debug|Any CPU
		{A87ED641-8F74-49A0-A860-9BFF33764253}.Debug|Any CPU.Build.0 = Debug|Any CPU
		{A87ED641-8F74-49A0-A860-9BFF33764253}.Release|Any CPU.ActiveCfg = Release|Any CPU
		{A87ED641-8F74-49A0-A860-9BFF33764253}.Release|Any CPU.Build.0 = Release|Any CPU
	EndGlobalSection
	GlobalSection(SolutionProperties) = preSolution
		HideSolutionNode = FALSE
	EndGlobalSection
	GlobalSection(ExtensibilityGlobals) = postSolution
		SolutionGuid = {F05252B0-9CA7-4FE5-AA84-D751DB2CB938}
	EndGlobalSection
EndGlobal
